dependencies:
- name: postgresql
  repository: https://charts.bitnami.com/bitnami
  version: 11.9.13
- name: pgadmin4
  repository: https://helm.runix.net
  version: 1.13.6
- name: irs-helm
  repository: https://catenax-ng.github.io/tx-item-relationship-service
  version: 4.1.0
- name: irs-edc-consumer
  repository: https://catenax-ng.github.io/tx-item-relationship-service
  version: 1.0.2
digest: sha256:df12d8393908029a4270f3d96170d68817309a7c11e9e28f8c130a55ad5885fe
generated: "2023-01-17T12:01:42.6353157+01:00"
