dependencies:
- name: postgresql
  repository: https://charts.bitnami.com/bitnami
  version: 11.9.13
- name: pgadmin4
  repository: https://helm.runix.net
  version: 1.13.6
- name: irs-helm
  repository: https://catenax-ng.github.io/tx-item-relationship-service
  version: 2.1.0
digest: sha256:7242cf4a5086b6ead8ee0847a99af9bb1033912326c192e12aed2d952362a754
generated: "2022-12-02T13:28:23.353907+01:00"
