dependencies:
- name: postgresql
  repository: https://charts.bitnami.com/bitnami
  version: 11.9.13
- name: pgadmin4
  repository: https://helm.runix.net
  version: 1.13.6
- name: irs-helm
  repository: https://catenax-ng.github.io/tx-item-relationship-service
  version: 4.2.1
- name: irs-edc-consumer
  repository: https://catenax-ng.github.io/tx-item-relationship-service
  version: 1.0.2
digest: sha256:dc6be06f565327901a166dac891f8817a838db3666c9eac1b668408300ddce3a
generated: "2023-02-07T16:49:18.0141562+01:00"
